// !$*UTF8*$!
{
	archiveVersion = 1;
	classes = {
	};
	objectVersion = 55;
	objects = {

/* Begin PBXBuildFile section */
		8474A5652762162A0051B89F /* AppDelegate.swift in Sources */ = {isa = PBXBuildFile; fileRef = 8474A5642762162A0051B89F /* AppDelegate.swift */; };
		8474A5672762162A0051B89F /* SceneDelegate.swift in Sources */ = {isa = PBXBuildFile; fileRef = 8474A5662762162A0051B89F /* SceneDelegate.swift */; };
		8474A5692762162A0051B89F /* ViewController.swift in Sources */ = {isa = PBXBuildFile; fileRef = 8474A5682762162A0051B89F /* ViewController.swift */; };
		8474A56C2762162A0051B89F /* Main.storyboard in Resources */ = {isa = PBXBuildFile; fileRef = 8474A56A2762162A0051B89F /* Main.storyboard */; };
		8474A56E2762162B0051B89F /* Assets.xcassets in Resources */ = {isa = PBXBuildFile; fileRef = 8474A56D2762162B0051B89F /* Assets.xcassets */; };
		8474A5712762162B0051B89F /* LaunchScreen.storyboard in Resources */ = {isa = PBXBuildFile; fileRef = 8474A56F2762162B0051B89F /* LaunchScreen.storyboard */; };
		8474A57C2762162C0051B89F /* North_East_South_WestTests.swift in Sources */ = {isa = PBXBuildFile; fileRef = 8474A57B2762162C0051B89F /* North_East_South_WestTests.swift */; };
		8474A5862762162C0051B89F /* North_East_South_WestUITests.swift in Sources */ = {isa = PBXBuildFile; fileRef = 8474A5852762162C0051B89F /* North_East_South_WestUITests.swift */; };
		8474A5882762162C0051B89F /* North_East_South_WestUITestsLaunchTests.swift in Sources */ = {isa = PBXBuildFile; fileRef = 8474A5872762162C0051B89F /* North_East_South_WestUITestsLaunchTests.swift */; };
		8474A59527621B380051B89F /* EastViewController.swift in Sources */ = {isa = PBXBuildFile; fileRef = 8474A59427621B380051B89F /* EastViewController.swift */; };
		8474A597276226A10051B89F /* NorthViewController.swift in Sources */ = {isa = PBXBuildFile; fileRef = 8474A596276226A10051B89F /* NorthViewController.swift */; };
		8474A599276228E80051B89F /* SouthViewController.swift in Sources */ = {isa = PBXBuildFile; fileRef = 8474A598276228E80051B89F /* SouthViewController.swift */; };
		8474A59B27622A2E0051B89F /* WastViewController.swift in Sources */ = {isa = PBXBuildFile; fileRef = 8474A59A27622A2E0051B89F /* WastViewController.swift */; };
/* End PBXBuildFile section */

/* Begin PBXContainerItemProxy section */
		8474A5782762162C0051B89F /* PBXContainerItemProxy */ = {
			isa = PBXContainerItemProxy;
			containerPortal = 8474A5592762162A0051B89F /* Project object */;
			proxyType = 1;
			remoteGlobalIDString = 8474A5602762162A0051B89F;
			remoteInfo = "North East South West";
		};
		8474A5822762162C0051B89F /* PBXContainerItemProxy */ = {
			isa = PBXContainerItemProxy;
			containerPortal = 8474A5592762162A0051B89F /* Project object */;
			proxyType = 1;
			remoteGlobalIDString = 8474A5602762162A0051B89F;
			remoteInfo = "North East South West";
		};
/* End PBXContainerItemProxy section */

/* Begin PBXFileReference section */
		8474A5612762162A0051B89F /* North East South West.app */ = {isa = PBXFileReference; explicitFileType = wrapper.application; includeInIndex = 0; path = "North East South West.app"; sourceTree = BUILT_PRODUCTS_DIR; };
		8474A5642762162A0051B89F /* AppDelegate.swift */ = {isa = PBXFileReference; lastKnownFileType = sourcecode.swift; path = AppDelegate.swift; sourceTree = "<group>"; };
		8474A5662762162A0051B89F /* SceneDelegate.swift */ = {isa = PBXFileReference; lastKnownFileType = sourcecode.swift; path = SceneDelegate.swift; sourceTree = "<group>"; };
		8474A5682762162A0051B89F /* ViewController.swift */ = {isa = PBXFileReference; lastKnownFileType = sourcecode.swift; path = ViewController.swift; sourceTree = "<group>"; };
		8474A56B2762162A0051B89F /* Base */ = {isa = PBXFileReference; lastKnownFileType = file.storyboard; name = Base; path = Base.lproj/Main.storyboard; sourceTree = "<group>"; };
		8474A56D2762162B0051B89F /* Assets.xcassets */ = {isa = PBXFileReference; lastKnownFileType = folder.assetcatalog; path = Assets.xcassets; sourceTree = "<group>"; };
		8474A5702762162B0051B89F /* Base */ = {isa = PBXFileReference; lastKnownFileType = file.storyboard; name = Base; path = Base.lproj/LaunchScreen.storyboard; sourceTree = "<group>"; };
		8474A5722762162B0051B89F /* Info.plist */ = {isa = PBXFileReference; lastKnownFileType = text.plist.xml; path = Info.plist; sourceTree = "<group>"; };
		8474A5772762162C0051B89F /* North East South WestTests.xctest */ = {isa = PBXFileReference; explicitFileType = wrapper.cfbundle; includeInIndex = 0; path = "North East South WestTests.xctest"; sourceTree = BUILT_PRODUCTS_DIR; };
		8474A57B2762162C0051B89F /* North_East_South_WestTests.swift */ = {isa = PBXFileReference; lastKnownFileType = sourcecode.swift; path = North_East_South_WestTests.swift; sourceTree = "<group>"; };
		8474A5812762162C0051B89F /* North East South WestUITests.xctest */ = {isa = PBXFileReference; explicitFileType = wrapper.cfbundle; includeInIndex = 0; path = "North East South WestUITests.xctest"; sourceTree = BUILT_PRODUCTS_DIR; };
		8474A5852762162C0051B89F /* North_East_South_WestUITests.swift */ = {isa = PBXFileReference; lastKnownFileType = sourcecode.swift; path = North_East_South_WestUITests.swift; sourceTree = "<group>"; };
		8474A5872762162C0051B89F /* North_East_South_WestUITestsLaunchTests.swift */ = {isa = PBXFileReference; lastKnownFileType = sourcecode.swift; path = North_East_South_WestUITestsLaunchTests.swift; sourceTree = "<group>"; };
		8474A59427621B380051B89F /* EastViewController.swift */ = {isa = PBXFileReference; lastKnownFileType = sourcecode.swift; path = EastViewController.swift; sourceTree = "<group>"; };
		8474A596276226A10051B89F /* NorthViewController.swift */ = {isa = PBXFileReference; lastKnownFileType = sourcecode.swift; path = NorthViewController.swift; sourceTree = "<group>"; };
		8474A598276228E80051B89F /* SouthViewController.swift */ = {isa = PBXFileReference; lastKnownFileType = sourcecode.swift; path = SouthViewController.swift; sourceTree = "<group>"; };
		8474A59A27622A2E0051B89F /* WastViewController.swift */ = {isa = PBXFileReference; lastKnownFileType = sourcecode.swift; path = WastViewController.swift; sourceTree = "<group>"; };
/* End PBXFileReference section */

/* Begin PBXFrameworksBuildPhase section */
		8474A55E2762162A0051B89F /* Frameworks */ = {
			isa = PBXFrameworksBuildPhase;
			buildActionMask = 2147483647;
			files = (
			);
			runOnlyForDeploymentPostprocessing = 0;
		};
		8474A5742762162C0051B89F /* Frameworks */ = {
			isa = PBXFrameworksBuildPhase;
			buildActionMask = 2147483647;
			files = (
			);
			runOnlyForDeploymentPostprocessing = 0;
		};
		8474A57E2762162C0051B89F /* Frameworks */ = {
			isa = PBXFrameworksBuildPhase;
			buildActionMask = 2147483647;
			files = (
			);
			runOnlyForDeploymentPostprocessing = 0;
		};
/* End PBXFrameworksBuildPhase section */

/* Begin PBXGroup section */
		8474A5582762162A0051B89F = {
			isa = PBXGroup;
			children = (
				8474A5632762162A0051B89F /* North East South West */,
				8474A57A2762162C0051B89F /* North East South WestTests */,
				8474A5842762162C0051B89F /* North East South WestUITests */,
				8474A5622762162A0051B89F /* Products */,
			);
			sourceTree = "<group>";
		};
		8474A5622762162A0051B89F /* Products */ = {
			isa = PBXGroup;
			children = (
				8474A5612762162A0051B89F /* North East South West.app */,
				8474A5772762162C0051B89F /* North East South WestTests.xctest */,
				8474A5812762162C0051B89F /* North East South WestUITests.xctest */,
			);
			name = Products;
			sourceTree = "<group>";
		};
		8474A5632762162A0051B89F /* North East South West */ = {
			isa = PBXGroup;
			children = (
				8474A5642762162A0051B89F /* AppDelegate.swift */,
				8474A5662762162A0051B89F /* SceneDelegate.swift */,
				8474A5682762162A0051B89F /* ViewController.swift */,
				8474A56A2762162A0051B89F /* Main.storyboard */,
				8474A56D2762162B0051B89F /* Assets.xcassets */,
				8474A56F2762162B0051B89F /* LaunchScreen.storyboard */,
				8474A5722762162B0051B89F /* Info.plist */,
				8474A59427621B380051B89F /* EastViewController.swift */,
				8474A596276226A10051B89F /* NorthViewController.swift */,
				8474A598276228E80051B89F /* SouthViewController.swift */,
				8474A59A27622A2E0051B89F /* WastViewController.swift */,
			);
			path = "North East South West";
			sourceTree = "<group>";
		};
		8474A57A2762162C0051B89F /* North East South WestTests */ = {
			isa = PBXGroup;
			children = (
				8474A57B2762162C0051B89F /* North_East_South_WestTests.swift */,
			);
			path = "North East South WestTests";
			sourceTree = "<group>";
		};
		8474A5842762162C0051B89F /* North East South WestUITests */ = {
			isa = PBXGroup;
			children = (
				8474A5852762162C0051B89F /* North_East_South_WestUITests.swift */,
				8474A5872762162C0051B89F /* North_East_South_WestUITestsLaunchTests.swift */,
			);
			path = "North East South WestUITests";
			sourceTree = "<group>";
		};
/* End PBXGroup section */

/* Begin PBXNativeTarget section */
		8474A5602762162A0051B89F /* North East South West */ = {
			isa = PBXNativeTarget;
			buildConfigurationList = 8474A58B2762162C0051B89F /* Build configuration list for PBXNativeTarget "North East South West" */;
			buildPhases = (
				8474A55D2762162A0051B89F /* Sources */,
				8474A55E2762162A0051B89F /* Frameworks */,
				8474A55F2762162A0051B89F /* Resources */,
			);
			buildRules = (
			);
			dependencies = (
			);
			name = "North East South West";
			productName = "North East South West";
			productReference = 8474A5612762162A0051B89F /* North East South West.app */;
			productType = "com.apple.product-type.application";
		};
		8474A5762762162C0051B89F /* North East South WestTests */ = {
			isa = PBXNativeTarget;
			buildConfigurationList = 8474A58E2762162C0051B89F /* Build configuration list for PBXNativeTarget "North East South WestTests" */;
			buildPhases = (
				8474A5732762162C0051B89F /* Sources */,
				8474A5742762162C0051B89F /* Frameworks */,
				8474A5752762162C0051B89F /* Resources */,
			);
			buildRules = (
			);
			dependencies = (
				8474A5792762162C0051B89F /* PBXTargetDependency */,
			);
			name = "North East South WestTests";
			productName = "North East South WestTests";
			productReference = 8474A5772762162C0051B89F /* North East South WestTests.xctest */;
			productType = "com.apple.product-type.bundle.unit-test";
		};
		8474A5802762162C0051B89F /* North East South WestUITests */ = {
			isa = PBXNativeTarget;
			buildConfigurationList = 8474A5912762162C0051B89F /* Build configuration list for PBXNativeTarget "North East South WestUITests" */;
			buildPhases = (
				8474A57D2762162C0051B89F /* Sources */,
				8474A57E2762162C0051B89F /* Frameworks */,
				8474A57F2762162C0051B89F /* Resources */,
			);
			buildRules = (
			);
			dependencies = (
				8474A5832762162C0051B89F /* PBXTargetDependency */,
			);
			name = "North East South WestUITests";
			productName = "North East South WestUITests";
			productReference = 8474A5812762162C0051B89F /* North East South WestUITests.xctest */;
			productType = "com.apple.product-type.bundle.ui-testing";
		};
/* End PBXNativeTarget section */

/* Begin PBXProject section */
		8474A5592762162A0051B89F /* Project object */ = {
			isa = PBXProject;
			attributes = {
				BuildIndependentTargetsInParallel = 1;
				LastSwiftUpdateCheck = 1310;
				LastUpgradeCheck = 1310;
				TargetAttributes = {
					8474A5602762162A0051B89F = {
						CreatedOnToolsVersion = 13.1;
					};
					8474A5762762162C0051B89F = {
						CreatedOnToolsVersion = 13.1;
						TestTargetID = 8474A5602762162A0051B89F;
					};
					8474A5802762162C0051B89F = {
						CreatedOnToolsVersion = 13.1;
						TestTargetID = 8474A5602762162A0051B89F;
					};
				};
			};
			buildConfigurationList = 8474A55C2762162A0051B89F /* Build configuration list for PBXProject "North East South West" */;
			compatibilityVersion = "Xcode 13.0";
			developmentRegion = en;
			hasScannedForEncodings = 0;
			knownRegions = (
				en,
				Base,
			);
			mainGroup = 8474A5582762162A0051B89F;
			productRefGroup = 8474A5622762162A0051B89F /* Products */;
			projectDirPath = "";
			projectRoot = "";
			targets = (
				8474A5602762162A0051B89F /* North East South West */,
				8474A5762762162C0051B89F /* North East South WestTests */,
				8474A5802762162C0051B89F /* North East South WestUITests */,
			);
		};
/* End PBXProject section */

/* Begin PBXResourcesBuildPhase section */
		8474A55F2762162A0051B89F /* Resources */ = {
			isa = PBXResourcesBuildPhase;
			buildActionMask = 2147483647;
			files = (
				8474A5712762162B0051B89F /* LaunchScreen.storyboard in Resources */,
				8474A56E2762162B0051B89F /* Assets.xcassets in Resources */,
				8474A56C2762162A0051B89F /* Main.storyboard in Resources */,
			);
			runOnlyForDeploymentPostprocessing = 0;
		};
		8474A5752762162C0051B89F /* Resources */ = {
			isa = PBXResourcesBuildPhase;
			buildActionMask = 2147483647;
			files = (
			);
			runOnlyForDeploymentPostprocessing = 0;
		};
		8474A57F2762162C0051B89F /* Resources */ = {
			isa = PBXResourcesBuildPhase;
			buildActionMask = 2147483647;
			files = (
			);
			runOnlyForDeploymentPostprocessing = 0;
		};
/* End PBXResourcesBuildPhase section */

/* Begin PBXSourcesBuildPhase section */
		8474A55D2762162A0051B89F /* Sources */ = {
			isa = PBXSourcesBuildPhase;
			buildActionMask = 2147483647;
			files = (
				8474A599276228E80051B89F /* SouthViewController.swift in Sources */,
				8474A5692762162A0051B89F /* ViewController.swift in Sources */,
				8474A59B27622A2E0051B89F /* WastViewController.swift in Sources */,
				8474A597276226A10051B89F /* NorthViewController.swift in Sources */,
				8474A5652762162A0051B89F /* AppDelegate.swift in Sources */,
				8474A5672762162A0051B89F /* SceneDelegate.swift in Sources */,
				8474A59527621B380051B89F /* EastViewController.swift in Sources */,
			);
			runOnlyForDeploymentPostprocessing = 0;
		};
		8474A5732762162C0051B89F /* Sources */ = {
			isa = PBXSourcesBuildPhase;
			buildActionMask = 2147483647;
			files = (
				8474A57C2762162C0051B89F /* North_East_South_WestTests.swift in Sources */,
			);
			runOnlyForDeploymentPostprocessing = 0;
		};
		8474A57D2762162C0051B89F /* Sources */ = {
			isa = PBXSourcesBuildPhase;
			buildActionMask = 2147483647;
			files = (
				8474A5882762162C0051B89F /* North_East_South_WestUITestsLaunchTests.swift in Sources */,
				8474A5862762162C0051B89F /* North_East_South_WestUITests.swift in Sources */,
			);
			runOnlyForDeploymentPostprocessing = 0;
		};
/* End PBXSourcesBuildPhase section */

/* Begin PBXTargetDependency section */
		8474A5792762162C0051B89F /* PBXTargetDependency */ = {
			isa = PBXTargetDependency;
			target = 8474A5602762162A0051B89F /* North East South West */;
			targetProxy = 8474A5782762162C0051B89F /* PBXContainerItemProxy */;
		};
		8474A5832762162C0051B89F /* PBXTargetDependency */ = {
			isa = PBXTargetDependency;
			target = 8474A5602762162A0051B89F /* North East South West */;
			targetProxy = 8474A5822762162C0051B89F /* PBXContainerItemProxy */;
		};
/* End PBXTargetDependency section */

/* Begin PBXVariantGroup section */
		8474A56A2762162A0051B89F /* Main.storyboard */ = {
			isa = PBXVariantGroup;
			children = (
				8474A56B2762162A0051B89F /* Base */,
			);
			name = Main.storyboard;
			sourceTree = "<group>";
		};
		8474A56F2762162B0051B89F /* LaunchScreen.storyboard */ = {
			isa = PBXVariantGroup;
			children = (
				8474A5702762162B0051B89F /* Base */,
			);
			name = LaunchScreen.storyboard;
			sourceTree = "<group>";
		};
/* End PBXVariantGroup section */

/* Begin XCBuildConfiguration section */
		8474A5892762162C0051B89F /* Debug */ = {
			isa = XCBuildConfiguration;
			buildSettings = {
				ALWAYS_SEARCH_USER_PATHS = NO;
				CLANG_ANALYZER_NONNULL = YES;
				CLANG_ANALYZER_NUMBER_OBJECT_CONVERSION = YES_AGGRESSIVE;
				CLANG_CXX_LANGUAGE_STANDARD = "gnu++17";
				CLANG_CXX_LIBRARY = "libc++";
				CLANG_ENABLE_MODULES = YES;
				CLANG_ENABLE_OBJC_ARC = YES;
				CLANG_ENABLE_OBJC_WEAK = YES;
				CLANG_WARN_BLOCK_CAPTURE_AUTORELEASING = YES;
				CLANG_WARN_BOOL_CONVERSION = YES;
				CLANG_WARN_COMMA = YES;
				CLANG_WARN_CONSTANT_CONVERSION = YES;
				CLANG_WARN_DEPRECATED_OBJC_IMPLEMENTATIONS = YES;
				CLANG_WARN_DIRECT_OBJC_ISA_USAGE = YES_ERROR;
				CLANG_WARN_DOCUMENTATION_COMMENTS = YES;
				CLANG_WARN_EMPTY_BODY = YES;
				CLANG_WARN_ENUM_CONVERSION = YES;
				CLANG_WARN_INFINITE_RECURSION = YES;
				CLANG_WARN_INT_CONVERSION = YES;
				CLANG_WARN_NON_LITERAL_NULL_CONVERSION = YES;
				CLANG_WARN_OBJC_IMPLICIT_RETAIN_SELF = YES;
				CLANG_WARN_OBJC_LITERAL_CONVERSION = YES;
				CLANG_WARN_OBJC_ROOT_CLASS = YES_ERROR;
				CLANG_WARN_QUOTED_INCLUDE_IN_FRAMEWORK_HEADER = YES;
				CLANG_WARN_RANGE_LOOP_ANALYSIS = YES;
				CLANG_WARN_STRICT_PROTOTYPES = YES;
				CLANG_WARN_SUSPICIOUS_MOVE = YES;
				CLANG_WARN_UNGUARDED_AVAILABILITY = YES_AGGRESSIVE;
				CLANG_WARN_UNREACHABLE_CODE = YES;
				CLANG_WARN__DUPLICATE_METHOD_MATCH = YES;
				COPY_PHASE_STRIP = NO;
				DEBUG_INFORMATION_FORMAT = dwarf;
				ENABLE_STRICT_OBJC_MSGSEND = YES;
				ENABLE_TESTABILITY = YES;
				GCC_C_LANGUAGE_STANDARD = gnu11;
				GCC_DYNAMIC_NO_PIC = NO;
				GCC_NO_COMMON_BLOCKS = YES;
				GCC_OPTIMIZATION_LEVEL = 0;
				GCC_PREPROCESSOR_DEFINITIONS = (
					"DEBUG=1",
					"$(inherited)",
				);
				GCC_WARN_64_TO_32_BIT_CONVERSION = YES;
				GCC_WARN_ABOUT_RETURN_TYPE = YES_ERROR;
				GCC_WARN_UNDECLARED_SELECTOR = YES;
				GCC_WARN_UNINITIALIZED_AUTOS = YES_AGGRESSIVE;
				GCC_WARN_UNUSED_FUNCTION = YES;
				GCC_WARN_UNUSED_VARIABLE = YES;
				IPHONEOS_DEPLOYMENT_TARGET = 15.0;
				MTL_ENABLE_DEBUG_INFO = INCLUDE_SOURCE;
				MTL_FAST_MATH = YES;
				ONLY_ACTIVE_ARCH = YES;
				SDKROOT = iphoneos;
				SWIFT_ACTIVE_COMPILATION_CONDITIONS = DEBUG;
				SWIFT_OPTIMIZATION_LEVEL = "-Onone";
			};
			name = Debug;
		};
		8474A58A2762162C0051B89F /* Release */ = {
			isa = XCBuildConfiguration;
			buildSettings = {
				ALWAYS_SEARCH_USER_PATHS = NO;
				CLANG_ANALYZER_NONNULL = YES;
				CLANG_ANALYZER_NUMBER_OBJECT_CONVERSION = YES_AGGRESSIVE;
				CLANG_CXX_LANGUAGE_STANDARD = "gnu++17";
				CLANG_CXX_LIBRARY = "libc++";
				CLANG_ENABLE_MODULES = YES;
				CLANG_ENABLE_OBJC_ARC = YES;
				CLANG_ENABLE_OBJC_WEAK = YES;
				CLANG_WARN_BLOCK_CAPTURE_AUTORELEASING = YES;
				CLANG_WARN_BOOL_CONVERSION = YES;
				CLANG_WARN_COMMA = YES;
				CLANG_WARN_CONSTANT_CONVERSION = YES;
				CLANG_WARN_DEPRECATED_OBJC_IMPLEMENTATIONS = YES;
				CLANG_WARN_DIRECT_OBJC_ISA_USAGE = YES_ERROR;
				CLANG_WARN_DOCUMENTATION_COMMENTS = YES;
				CLANG_WARN_EMPTY_BODY = YES;
				CLANG_WARN_ENUM_CONVERSION = YES;
				CLANG_WARN_INFINITE_RECURSION = YES;
				CLANG_WARN_INT_CONVERSION = YES;
				CLANG_WARN_NON_LITERAL_NULL_CONVERSION = YES;
				CLANG_WARN_OBJC_IMPLICIT_RETAIN_SELF = YES;
				CLANG_WARN_OBJC_LITERAL_CONVERSION = YES;
				CLANG_WARN_OBJC_ROOT_CLASS = YES_ERROR;
				CLANG_WARN_QUOTED_INCLUDE_IN_FRAMEWORK_HEADER = YES;
				CLANG_WARN_RANGE_LOOP_ANALYSIS = YES;
				CLANG_WARN_STRICT_PROTOTYPES = YES;
				CLANG_WARN_SUSPICIOUS_MOVE = YES;
				CLANG_WARN_UNGUARDED_AVAILABILITY = YES_AGGRESSIVE;
				CLANG_WARN_UNREACHABLE_CODE = YES;
				CLANG_WARN__DUPLICATE_METHOD_MATCH = YES;
				COPY_PHASE_STRIP = NO;
				DEBUG_INFORMATION_FORMAT = "dwarf-with-dsym";
				ENABLE_NS_ASSERTIONS = NO;
				ENABLE_STRICT_OBJC_MSGSEND = YES;
				GCC_C_LANGUAGE_STANDARD = gnu11;
				GCC_NO_COMMON_BLOCKS = YES;
				GCC_WARN_64_TO_32_BIT_CONVERSION = YES;
				GCC_WARN_ABOUT_RETURN_TYPE = YES_ERROR;
				GCC_WARN_UNDECLARED_SELECTOR = YES;
				GCC_WARN_UNINITIALIZED_AUTOS = YES_AGGRESSIVE;
				GCC_WARN_UNUSED_FUNCTION = YES;
				GCC_WARN_UNUSED_VARIABLE = YES;
				IPHONEOS_DEPLOYMENT_TARGET = 15.0;
				MTL_ENABLE_DEBUG_INFO = NO;
				MTL_FAST_MATH = YES;
				SDKROOT = iphoneos;
				SWIFT_COMPILATION_MODE = wholemodule;
				SWIFT_OPTIMIZATION_LEVEL = "-O";
				VALIDATE_PRODUCT = YES;
			};
			name = Release;
		};
		8474A58C2762162C0051B89F /* Debug */ = {
			isa = XCBuildConfiguration;
			buildSettings = {
				ASSETCATALOG_COMPILER_APPICON_NAME = AppIcon;
				ASSETCATALOG_COMPILER_GLOBAL_ACCENT_COLOR_NAME = AccentColor;
				CODE_SIGN_STYLE = Automatic;
				CURRENT_PROJECT_VERSION = 1;
				GENERATE_INFOPLIST_FILE = YES;
				INFOPLIST_FILE = "North East South West/Info.plist";
				INFOPLIST_KEY_UIApplicationSupportsIndirectInputEvents = YES;
				INFOPLIST_KEY_UILaunchStoryboardName = LaunchScreen;
				INFOPLIST_KEY_UIMainStoryboardFile = Main;
				INFOPLIST_KEY_UISupportedInterfaceOrientations_iPad = "UIInterfaceOrientationPortrait UIInterfaceOrientationPortraitUpsideDown UIInterfaceOrientationLandscapeLeft UIInterfaceOrientationLandscapeRight";
				INFOPLIST_KEY_UISupportedInterfaceOrientations_iPhone = "UIInterfaceOrientationPortrait UIInterfaceOrientationLandscapeLeft UIInterfaceOrientationLandscapeRight";
				LD_RUNPATH_SEARCH_PATHS = (
					"$(inherited)",
					"@executable_path/Frameworks",
				);
				MARKETING_VERSION = 1.0;
				PRODUCT_BUNDLE_IDENTIFIER = "hsn.North-East-South-West";
				PRODUCT_NAME = "$(TARGET_NAME)";
				SWIFT_EMIT_LOC_STRINGS = YES;
				SWIFT_VERSION = 5.0;
				TARGETED_DEVICE_FAMILY = "1,2";
			};
			name = Debug;
		};
		8474A58D2762162C0051B89F /* Release */ = {
			isa = XCBuildConfiguration;
			buildSettings = {
				ASSETCATALOG_COMPILER_APPICON_NAME = AppIcon;
				ASSETCATALOG_COMPILER_GLOBAL_ACCENT_COLOR_NAME = AccentColor;
				CODE_SIGN_STYLE = Automatic;
				CURRENT_PROJECT_VERSION = 1;
				GENERATE_INFOPLIST_FILE = YES;
				INFOPLIST_FILE = "North East South West/Info.plist";
				INFOPLIST_KEY_UIApplicationSupportsIndirectInputEvents = YES;
				INFOPLIST_KEY_UILaunchStoryboardName = LaunchScreen;
				INFOPLIST_KEY_UIMainStoryboardFile = Main;
				INFOPLIST_KEY_UISupportedInterfaceOrientations_iPad = "UIInterfaceOrientationPortrait UIInterfaceOrientationPortraitUpsideDown UIInterfaceOrientationLandscapeLeft UIInterfaceOrientationLandscapeRight";
				INFOPLIST_KEY_UISupportedInterfaceOrientations_iPhone = "UIInterfaceOrientationPortrait UIInterfaceOrientationLandscapeLeft UIInterfaceOrientationLandscapeRight";
				LD_RUNPATH_SEARCH_PATHS = (
					"$(inherited)",
					"@executable_path/Frameworks",
				);
				MARKETING_VERSION = 1.0;
				PRODUCT_BUNDLE_IDENTIFIER = "hsn.North-East-South-West";
				PRODUCT_NAME = "$(TARGET_NAME)";
				SWIFT_EMIT_LOC_STRINGS = YES;
				SWIFT_VERSION = 5.0;
				TARGETED_DEVICE_FAMILY = "1,2";
			};
			name = Release;
		};
		8474A58F2762162C0051B89F /* Debug */ = {
			isa = XCBuildConfiguration;
			buildSettings = {
				ALWAYS_EMBED_SWIFT_STANDARD_LIBRARIES = YES;
				BUNDLE_LOADER = "$(TEST_HOST)";
				CODE_SIGN_STYLE = Automatic;
				CURRENT_PROJECT_VERSION = 1;
				GENERATE_INFOPLIST_FILE = YES;
				IPHONEOS_DEPLOYMENT_TARGET = 15.0;
				LD_RUNPATH_SEARCH_PATHS = (
					"$(inherited)",
					"@executable_path/Frameworks",
					"@loader_path/Frameworks",
				);
				MARKETING_VERSION = 1.0;
				PRODUCT_BUNDLE_IDENTIFIER = "hsn.North-East-South-WestTests";
				PRODUCT_NAME = "$(TARGET_NAME)";
				SWIFT_EMIT_LOC_STRINGS = NO;
				SWIFT_VERSION = 5.0;
				TARGETED_DEVICE_FAMILY = "1,2";
				TEST_HOST = "$(BUILT_PRODUCTS_DIR)/North East South West.app/North East South West";
			};
			name = Debug;
		};
		8474A5902762162C0051B89F /* Release */ = {
			isa = XCBuildConfiguration;
			buildSettings = {
				ALWAYS_EMBED_SWIFT_STANDARD_LIBRARIES = YES;
				BUNDLE_LOADER = "$(TEST_HOST)";
				CODE_SIGN_STYLE = Automatic;
				CURRENT_PROJECT_VERSION = 1;
				GENERATE_INFOPLIST_FILE = YES;
				IPHONEOS_DEPLOYMENT_TARGET = 15.0;
				LD_RUNPATH_SEARCH_PATHS = (
					"$(inherited)",
					"@executable_path/Frameworks",
					"@loader_path/Frameworks",
				);
				MARKETING_VERSION = 1.0;
				PRODUCT_BUNDLE_IDENTIFIER = "hsn.North-East-South-WestTests";
				PRODUCT_NAME = "$(TARGET_NAME)";
				SWIFT_EMIT_LOC_STRINGS = NO;
				SWIFT_VERSION = 5.0;
				TARGETED_DEVICE_FAMILY = "1,2";
				TEST_HOST = "$(BUILT_PRODUCTS_DIR)/North East South West.app/North East South West";
			};
			name = Release;
		};
		8474A5922762162C0051B89F /* Debug */ = {
			isa = XCBuildConfiguration;
			buildSettings = {
				ALWAYS_EMBED_SWIFT_STANDARD_LIBRARIES = YES;
				CODE_SIGN_STYLE = Automatic;
				CURRENT_PROJECT_VERSION = 1;
				GENERATE_INFOPLIST_FILE = YES;
				LD_RUNPATH_SEARCH_PATHS = (
					"$(inherited)",
					"@executable_path/Frameworks",
					"@loader_path/Frameworks",
				);
				MARKETING_VERSION = 1.0;
				PRODUCT_BUNDLE_IDENTIFIER = "hsn.North-East-South-WestUITests";
				PRODUCT_NAME = "$(TARGET_NAME)";
				SWIFT_EMIT_LOC_STRINGS = NO;
				SWIFT_VERSION = 5.0;
				TARGETED_DEVICE_FAMILY = "1,2";
				TEST_TARGET_NAME = "North East South West";
			};
			name = Debug;
		};
		8474A5932762162C0051B89F /* Release */ = {
			isa = XCBuildConfiguration;
			buildSettings = {
				ALWAYS_EMBED_SWIFT_STANDARD_LIBRARIES = YES;
				CODE_SIGN_STYLE = Automatic;
				CURRENT_PROJECT_VERSION = 1;
				GENERATE_INFOPLIST_FILE = YES;
				LD_RUNPATH_SEARCH_PATHS = (
					"$(inherited)",
					"@executable_path/Frameworks",
					"@loader_path/Frameworks",
				);
				MARKETING_VERSION = 1.0;
				PRODUCT_BUNDLE_IDENTIFIER = "hsn.North-East-South-WestUITests";
				PRODUCT_NAME = "$(TARGET_NAME)";
				SWIFT_EMIT_LOC_STRINGS = NO;
				SWIFT_VERSION = 5.0;
				TARGETED_DEVICE_FAMILY = "1,2";
				TEST_TARGET_NAME = "North East South West";
			};
			name = Release;
		};
/* End XCBuildConfiguration section */

/* Begin XCConfigurationList section */
		8474A55C2762162A0051B89F /* Build configuration list for PBXProject "North East South West" */ = {
			isa = XCConfigurationList;
			buildConfigurations = (
				8474A5892762162C0051B89F /* Debug */,
				8474A58A2762162C0051B89F /* Release */,
			);
			defaultConfigurationIsVisible = 0;
			defaultConfigurationName = Release;
		};
		8474A58B2762162C0051B89F /* Build configuration list for PBXNativeTarget "North East South West" */ = {
			isa = XCConfigurationList;
			buildConfigurations = (
				8474A58C2762162C0051B89F /* Debug */,
				8474A58D2762162C0051B89F /* Release */,
			);
			defaultConfigurationIsVisible = 0;
			defaultConfigurationName = Release;
		};
		8474A58E2762162C0051B89F /* Build configuration list for PBXNativeTarget "North East South WestTests" */ = {
			isa = XCConfigurationList;
			buildConfigurations = (
				8474A58F2762162C0051B89F /* Debug */,
				8474A5902762162C0051B89F /* Release */,
			);
			defaultConfigurationIsVisible = 0;
			defaultConfigurationName = Release;
		};
		8474A5912762162C0051B89F /* Build configuration list for PBXNativeTarget "North East South WestUITests" */ = {
			isa = XCConfigurationList;
			buildConfigurations = (
				8474A5922762162C0051B89F /* Debug */,
				8474A5932762162C0051B89F /* Release */,
			);
			defaultConfigurationIsVisible = 0;
			defaultConfigurationName = Release;
		};
/* End XCConfigurationList section */
	};
	rootObject = 8474A5592762162A0051B89F /* Project object */;
}
